// !$*UTF8*$!
{
	archiveVersion = 1;
	classes = {
	};
	objectVersion = 46;
	objects = {

/* Begin PBXBuildFile section */
		C05CDE2F1E8B71880063DCC9 /* AppDelegate.swift in Sources */ = {isa = PBXBuildFile; fileRef = C05CDE2E1E8B71880063DCC9 /* AppDelegate.swift */; };
		C05CDE311E8B71880063DCC9 /* ViewController.swift in Sources */ = {isa = PBXBuildFile; fileRef = C05CDE301E8B71880063DCC9 /* ViewController.swift */; };
		C05CDE341E8B71880063DCC9 /* Main.storyboard in Resources */ = {isa = PBXBuildFile; fileRef = C05CDE321E8B71880063DCC9 /* Main.storyboard */; };
		C05CDE361E8B71880063DCC9 /* Assets.xcassets in Resources */ = {isa = PBXBuildFile; fileRef = C05CDE351E8B71880063DCC9 /* Assets.xcassets */; };
		C05CDE391E8B71880063DCC9 /* LaunchScreen.storyboard in Resources */ = {isa = PBXBuildFile; fileRef = C05CDE371E8B71880063DCC9 /* LaunchScreen.storyboard */; };
/* End PBXBuildFile section */

/* Begin PBXFileReference section */
		C05CDE2B1E8B71880063DCC9 /* MobileTest(SeowYungHoe).app */ = {isa = PBXFileReference; explicitFileType = wrapper.application; includeInIndex = 0; path = "MobileTest(SeowYungHoe).app"; sourceTree = BUILT_PRODUCTS_DIR; };
		C05CDE2E1E8B71880063DCC9 /* AppDelegate.swift */ = {isa = PBXFileReference; lastKnownFileType = sourcecode.swift; path = AppDelegate.swift; sourceTree = "<group>"; };
		C05CDE301E8B71880063DCC9 /* ViewController.swift */ = {isa = PBXFileReference; lastKnownFileType = sourcecode.swift; path = ViewController.swift; sourceTree = "<group>"; };
		C05CDE331E8B71880063DCC9 /* Base */ = {isa = PBXFileReference; lastKnownFileType = file.storyboard; name = Base; path = Base.lproj/Main.storyboard; sourceTree = "<group>"; };
		C05CDE351E8B71880063DCC9 /* Assets.xcassets */ = {isa = PBXFileReference; lastKnownFileType = folder.assetcatalog; path = Assets.xcassets; sourceTree = "<group>"; };
		C05CDE381E8B71880063DCC9 /* Base */ = {isa = PBXFileReference; lastKnownFileType = file.storyboard; name = Base; path = Base.lproj/LaunchScreen.storyboard; sourceTree = "<group>"; };
		C05CDE3A1E8B71880063DCC9 /* Info.plist */ = {isa = PBXFileReference; lastKnownFileType = text.plist.xml; path = Info.plist; sourceTree = "<group>"; };
/* End PBXFileReference section */

/* Begin PBXFrameworksBuildPhase section */
		C05CDE281E8B71880063DCC9 /* Frameworks */ = {
			isa = PBXFrameworksBuildPhase;
			buildActionMask = 2147483647;
			files = (
			);
			runOnlyForDeploymentPostprocessing = 0;
		};
/* End PBXFrameworksBuildPhase section */

/* Begin PBXGroup section */
		C05CDE221E8B71880063DCC9 = {
			isa = PBXGroup;
			children = (
				C05CDE2D1E8B71880063DCC9 /* MobileTest(SeowYungHoe) */,
				C05CDE2C1E8B71880063DCC9 /* Products */,
			);
			sourceTree = "<group>";
		};
		C05CDE2C1E8B71880063DCC9 /* Products */ = {
			isa = PBXGroup;
			children = (
				C05CDE2B1E8B71880063DCC9 /* MobileTest(SeowYungHoe).app */,
			);
			name = Products;
			sourceTree = "<group>";
		};
		C05CDE2D1E8B71880063DCC9 /* MobileTest(SeowYungHoe) */ = {
			isa = PBXGroup;
			children = (
				C05CDE2E1E8B71880063DCC9 /* AppDelegate.swift */,
				C05CDE301E8B71880063DCC9 /* ViewController.swift */,
				C05CDE321E8B71880063DCC9 /* Main.storyboard */,
				C05CDE351E8B71880063DCC9 /* Assets.xcassets */,
				C05CDE371E8B71880063DCC9 /* LaunchScreen.storyboard */,
				C05CDE3A1E8B71880063DCC9 /* Info.plist */,
			);
			path = "MobileTest(SeowYungHoe)";
			sourceTree = "<group>";
		};
/* End PBXGroup section */

/* Begin PBXNativeTarget section */
		C05CDE2A1E8B71880063DCC9 /* MobileTest(SeowYungHoe) */ = {
			isa = PBXNativeTarget;
			buildConfigurationList = C05CDE3D1E8B71880063DCC9 /* Build configuration list for PBXNativeTarget "MobileTest(SeowYungHoe)" */;
			buildPhases = (
				C05CDE271E8B71880063DCC9 /* Sources */,
				C05CDE281E8B71880063DCC9 /* Frameworks */,
				C05CDE291E8B71880063DCC9 /* Resources */,
			);
			buildRules = (
			);
			dependencies = (
			);
			name = "MobileTest(SeowYungHoe)";
			productName = "MobileTest(SeowYungHoe)";
			productReference = C05CDE2B1E8B71880063DCC9 /* MobileTest(SeowYungHoe).app */;
			productType = "com.apple.product-type.application";
		};
/* End PBXNativeTarget section */

/* Begin PBXProject section */
		C05CDE231E8B71880063DCC9 /* Project object */ = {
			isa = PBXProject;
			attributes = {
				LastSwiftUpdateCheck = 0820;
				LastUpgradeCheck = 0820;
				ORGANIZATIONNAME = "Seow Yung Hoe";
				TargetAttributes = {
					C05CDE2A1E8B71880063DCC9 = {
						CreatedOnToolsVersion = 8.2.1;
						DevelopmentTeam = N77YP5N6T6;
						ProvisioningStyle = Automatic;
					};
				};
			};
			buildConfigurationList = C05CDE261E8B71880063DCC9 /* Build configuration list for PBXProject "MobileTest(SeowYungHoe)" */;
			compatibilityVersion = "Xcode 3.2";
			developmentRegion = English;
			hasScannedForEncodings = 0;
			knownRegions = (
				en,
				Base,
			);
			mainGroup = C05CDE221E8B71880063DCC9;
			productRefGroup = C05CDE2C1E8B71880063DCC9 /* Products */;
			projectDirPath = "";
			projectRoot = "";
			targets = (
				C05CDE2A1E8B71880063DCC9 /* MobileTest(SeowYungHoe) */,
			);
		};
/* End PBXProject section */

/* Begin PBXResourcesBuildPhase section */
		C05CDE291E8B71880063DCC9 /* Resources */ = {
			isa = PBXResourcesBuildPhase;
			buildActionMask = 2147483647;
			files = (
				C05CDE391E8B71880063DCC9 /* LaunchScreen.storyboard in Resources */,
				C05CDE361E8B71880063DCC9 /* Assets.xcassets in Resources */,
				C05CDE341E8B71880063DCC9 /* Main.storyboard in Resources */,
			);
			runOnlyForDeploymentPostprocessing = 0;
		};
/* End PBXResourcesBuildPhase section */

/* Begin PBXSourcesBuildPhase section */
		C05CDE271E8B71880063DCC9 /* Sources */ = {
			isa = PBXSourcesBuildPhase;
			buildActionMask = 2147483647;
			files = (
				C05CDE311E8B71880063DCC9 /* ViewController.swift in Sources */,
				C05CDE2F1E8B71880063DCC9 /* AppDelegate.swift in Sources */,
			);
			runOnlyForDeploymentPostprocessing = 0;
		};
/* End PBXSourcesBuildPhase section */

/* Begin PBXVariantGroup section */
		C05CDE321E8B71880063DCC9 /* Main.storyboard */ = {
			isa = PBXVariantGroup;
			children = (
				C05CDE331E8B71880063DCC9 /* Base */,
			);
			name = Main.storyboard;
			sourceTree = "<group>";
		};
		C05CDE371E8B71880063DCC9 /* LaunchScreen.storyboard */ = {
			isa = PBXVariantGroup;
			children = (
				C05CDE381E8B71880063DCC9 /* Base */,
			);
			name = LaunchScreen.storyboard;
			sourceTree = "<group>";
		};
/* End PBXVariantGroup section */

/* Begin XCBuildConfiguration section */
		C05CDE3B1E8B71880063DCC9 /* Debug */ = {
			isa = XCBuildConfiguration;
			buildSettings = {
				ALWAYS_SEARCH_USER_PATHS = NO;
				CLANG_ANALYZER_NONNULL = YES;
				CLANG_CXX_LANGUAGE_STANDARD = "gnu++0x";
				CLANG_CXX_LIBRARY = "libc++";
				CLANG_ENABLE_MODULES = YES;
				CLANG_ENABLE_OBJC_ARC = YES;
				CLANG_WARN_BOOL_CONVERSION = YES;
				CLANG_WARN_CONSTANT_CONVERSION = YES;
				CLANG_WARN_DIRECT_OBJC_ISA_USAGE = YES_ERROR;
				CLANG_WARN_DOCUMENTATION_COMMENTS = YES;
				CLANG_WARN_EMPTY_BODY = YES;
				CLANG_WARN_ENUM_CONVERSION = YES;
				CLANG_WARN_INFINITE_RECURSION = YES;
				CLANG_WARN_INT_CONVERSION = YES;
				CLANG_WARN_OBJC_ROOT_CLASS = YES_ERROR;
				CLANG_WARN_SUSPICIOUS_MOVE = YES;
				CLANG_WARN_UNREACHABLE_CODE = YES;
				CLANG_WARN__DUPLICATE_METHOD_MATCH = YES;
				"CODE_SIGN_IDENTITY[sdk=iphoneos*]" = "iPhone Developer";
				COPY_PHASE_STRIP = NO;
				DEBUG_INFORMATION_FORMAT = dwarf;
				ENABLE_STRICT_OBJC_MSGSEND = YES;
				ENABLE_TESTABILITY = YES;
				GCC_C_LANGUAGE_STANDARD = gnu99;
				GCC_DYNAMIC_NO_PIC = NO;
				GCC_NO_COMMON_BLOCKS = YES;
				GCC_OPTIMIZATION_LEVEL = 0;
				GCC_PREPROCESSOR_DEFINITIONS = (
					"DEBUG=1",
					"$(inherited)",
				);
				GCC_WARN_64_TO_32_BIT_CONVERSION = YES;
				GCC_WARN_ABOUT_RETURN_TYPE = YES_ERROR;
				GCC_WARN_UNDECLARED_SELECTOR = YES;
				GCC_WARN_UNINITIALIZED_AUTOS = YES_AGGRESSIVE;
				GCC_WARN_UNUSED_FUNCTION = YES;
				GCC_WARN_UNUSED_VARIABLE = YES;
				IPHONEOS_DEPLOYMENT_TARGET = 10.2;
				MTL_ENABLE_DEBUG_INFO = YES;
				ONLY_ACTIVE_ARCH = YES;
				SDKROOT = iphoneos;
				SWIFT_ACTIVE_COMPILATION_CONDITIONS = DEBUG;
				SWIFT_OPTIMIZATION_LEVEL = "-Onone";
			};
			name = Debug;
		};
		C05CDE3C1E8B71880063DCC9 /* Release */ = {
			isa = XCBuildConfiguration;
			buildSettings = {
				ALWAYS_SEARCH_USER_PATHS = NO;
				CLANG_ANALYZER_NONNULL = YES;
				CLANG_CXX_LANGUAGE_STANDARD = "gnu++0x";
				CLANG_CXX_LIBRARY = "libc++";
				CLANG_ENABLE_MODULES = YES;
				CLANG_ENABLE_OBJC_ARC = YES;
				CLANG_WARN_BOOL_CONVERSION = YES;
				CLANG_WARN_CONSTANT_CONVERSION = YES;
				CLANG_WARN_DIRECT_OBJC_ISA_USAGE = YES_ERROR;
				CLANG_WARN_DOCUMENTATION_COMMENTS = YES;
				CLANG_WARN_EMPTY_BODY = YES;
				CLANG_WARN_ENUM_CONVERSION = YES;
				CLANG_WARN_INFINITE_RECURSION = YES;
				CLANG_WARN_INT_CONVERSION = YES;
				CLANG_WARN_OBJC_ROOT_CLASS = YES_ERROR;
				CLANG_WARN_SUSPICIOUS_MOVE = YES;
				CLANG_WARN_UNREACHABLE_CODE = YES;
				CLANG_WARN__DUPLICATE_METHOD_MATCH = YES;
				"CODE_SIGN_IDENTITY[sdk=iphoneos*]" = "iPhone Developer";
				COPY_PHASE_STRIP = NO;
				DEBUG_INFORMATION_FORMAT = "dwarf-with-dsym";
				ENABLE_NS_ASSERTIONS = NO;
				ENABLE_STRICT_OBJC_MSGSEND = YES;
				GCC_C_LANGUAGE_STANDARD = gnu99;
				GCC_NO_COMMON_BLOCKS = YES;
				GCC_WARN_64_TO_32_BIT_CONVERSION = YES;
				GCC_WARN_ABOUT_RETURN_TYPE = YES_ERROR;
				GCC_WARN_UNDECLARED_SELECTOR = YES;
				GCC_WARN_UNINITIALIZED_AUTOS = YES_AGGRESSIVE;
				GCC_WARN_UNUSED_FUNCTION = YES;
				GCC_WARN_UNUSED_VARIABLE = YES;
				IPHONEOS_DEPLOYMENT_TARGET = 10.2;
				MTL_ENABLE_DEBUG_INFO = NO;
				SDKROOT = iphoneos;
				SWIFT_OPTIMIZATION_LEVEL = "-Owholemodule";
				VALIDATE_PRODUCT = YES;
			};
			name = Release;
		};
		C05CDE3E1E8B71880063DCC9 /* Debug */ = {
			isa = XCBuildConfiguration;
			buildSettings = {
				ASSETCATALOG_COMPILER_APPICON_NAME = AppIcon;
				DEVELOPMENT_TEAM = N77YP5N6T6;
				INFOPLIST_FILE = "MobileTest(SeowYungHoe)/Info.plist";
				LD_RUNPATH_SEARCH_PATHS = "$(inherited) @executable_path/Frameworks";
				PRODUCT_BUNDLE_IDENTIFIER = "com.crazy.MobileTest-SeowYungHoe-";
				PRODUCT_NAME = "$(TARGET_NAME)";
				SWIFT_VERSION = 3.0;
			};
			name = Debug;
		};
		C05CDE3F1E8B71880063DCC9 /* Release */ = {
			isa = XCBuildConfiguration;
			buildSettings = {
				ASSETCATALOG_COMPILER_APPICON_NAME = AppIcon;
				DEVELOPMENT_TEAM = N77YP5N6T6;
				INFOPLIST_FILE = "MobileTest(SeowYungHoe)/Info.plist";
				LD_RUNPATH_SEARCH_PATHS = "$(inherited) @executable_path/Frameworks";
				PRODUCT_BUNDLE_IDENTIFIER = "com.crazy.MobileTest-SeowYungHoe-";
				PRODUCT_NAME = "$(TARGET_NAME)";
				SWIFT_VERSION = 3.0;
			};
			name = Release;
		};
/* End XCBuildConfiguration section */

/* Begin XCConfigurationList section */
		C05CDE261E8B71880063DCC9 /* Build configuration list for PBXProject "MobileTest(SeowYungHoe)" */ = {
			isa = XCConfigurationList;
			buildConfigurations = (
				C05CDE3B1E8B71880063DCC9 /* Debug */,
				C05CDE3C1E8B71880063DCC9 /* Release */,
			);
			defaultConfigurationIsVisible = 0;
			defaultConfigurationName = Release;
		};
		C05CDE3D1E8B71880063DCC9 /* Build configuration list for PBXNativeTarget "MobileTest(SeowYungHoe)" */ = {
			isa = XCConfigurationList;
			buildConfigurations = (
				C05CDE3E1E8B71880063DCC9 /* Debug */,
				C05CDE3F1E8B71880063DCC9 /* Release */,
			);
			defaultConfigurationIsVisible = 0;
		};
/* End XCConfigurationList section */
	};
	rootObject = C05CDE231E8B71880063DCC9 /* Project object */;
}
